
Microsoft Visual Studio Solution File, Format Version 12.00
# Visual Studio 15
VisualStudioVersion = 15.0.27703.2026
MinimumVisualStudioVersion = 10.0.40219.1
Project("{9A19103F-16F7-4668-BE54-9A1E7A4F7556}") = "Silk.Data.SQL.MSSQL", "Silk.Data.SQL.MSSQL\Silk.Data.SQL.MSSQL.csproj", "{3F9EF967-A2B3-4664-B7DD-8F5E7EE3779B}"
EndProject
Project("{FAE04EC0-301F-11D3-BF4B-00C04F79EFBC}") = "Silk.Data.SQL.MSSQL.Tests", "Silk.Data.SQL.MSSQL.Tests\Silk.Data.SQL.MSSQL.Tests.csproj", "{1D2C5330-869C-4A4E-947A-0AA1EA42A45A}"
EndProject
Global
	GlobalSection(SolutionConfigurationPlatforms) = preSolution
		Debug|Any CPU = Debug|Any CPU
		Release|Any CPU = Release|Any CPU
	EndGlobalSection
	GlobalSection(ProjectConfigurationPlatforms) = postSolution
		{3F9EF967-A2B3-4664-B7DD-8F5E7EE3779B}.Debug|Any CPU.ActiveCfg = Debug|Any CPU
		{3F9EF967-A2B3-4664-B7DD-8F5E7EE3779B}.Debug|Any CPU.Build.0 = Debug|Any CPU
		{3F9EF967-A2B3-4664-B7DD-8F5E7EE3779B}.Release|Any CPU.ActiveCfg = Release|Any CPU
		{3F9EF967-A2B3-4664-B7DD-8F5E7EE3779B}.Release|Any CPU.Build.0 = Release|Any CPU
		{1D2C5330-869C-4A4E-947A-0AA1EA42A45A}.Debug|Any CPU.ActiveCfg = Debug|Any CPU
		{1D2C5330-869C-4A4E-947A-0AA1EA42A45A}.Debug|Any CPU.Build.0 = Debug|Any CPU
		{1D2C5330-869C-4A4E-947A-0AA1EA42A45A}.Release|Any CPU.ActiveCfg = Release|Any CPU
		{1D2C5330-869C-4A4E-947A-0AA1EA42A45A}.Release|Any CPU.Build.0 = Release|Any CPU
	EndGlobalSection
	GlobalSection(SolutionProperties) = preSolution
		HideSolutionNode = FALSE
	EndGlobalSection
	GlobalSection(ExtensibilityGlobals) = postSolution
		SolutionGuid = {E7D90CBB-AC2A-4D79-B79C-CC52E349A72E}
	EndGlobalSection
EndGlobal
